
Microsoft Visual Studio Solution File, Format Version 12.00
# Visual Studio Version 17
VisualStudioVersion = 17.7.34221.43
MinimumVisualStudioVersion = 10.0.40219.1
Project("{9A19103F-16F7-4668-BE54-9A1E7A4F7556}") = "Ticket.Api", "Ticket.Api\Ticket.Api.csproj", "{DC181A1E-1BAB-46A9-80D8-AA6FEDE90FA7}"
EndProject
Project("{9A19103F-16F7-4668-BE54-9A1E7A4F7556}") = "Ticket.Application", "Ticket.Application\Ticket.Application.csproj", "{50F3B082-7E7B-4A12-8779-59E4DCDE2381}"
EndProject
Project("{9A19103F-16F7-4668-BE54-9A1E7A4F7556}") = "Ticket.Domain", "Ticket.Domain\Ticket.Domain.csproj", "{2B62618F-497C-4AAD-8AAF-B618E3F8E49A}"
EndProject
Project("{2150E333-8FDC-42A3-9474-1A3956D46DE8}") = "SolutionItems", "SolutionItems", "{C5D8B451-21EE-4EDE-8033-79EBC8BFE063}"
	ProjectSection(SolutionItems) = preProject
		CodeMaid.config = CodeMaid.config
	EndProjectSection
EndProject
Project("{2150E333-8FDC-42A3-9474-1A3956D46DE8}") = "Src", "Src", "{DAE8FF04-D658-4733-B45B-D8F3E54934D2}"
EndProject
Global
	GlobalSection(SolutionConfigurationPlatforms) = preSolution
		Debug|Any CPU = Debug|Any CPU
		Release|Any CPU = Release|Any CPU
	EndGlobalSection
	GlobalSection(ProjectConfigurationPlatforms) = postSolution
		{DC181A1E-1BAB-46A9-80D8-AA6FEDE90FA7}.Debug|Any CPU.ActiveCfg = Debug|Any CPU
		{DC181A1E-1BAB-46A9-80D8-AA6FEDE90FA7}.Debug|Any CPU.Build.0 = Debug|Any CPU
		{DC181A1E-1BAB-46A9-80D8-AA6FEDE90FA7}.Release|Any CPU.ActiveCfg = Release|Any CPU
		{DC181A1E-1BAB-46A9-80D8-AA6FEDE90FA7}.Release|Any CPU.Build.0 = Release|Any CPU
		{50F3B082-7E7B-4A12-8779-59E4DCDE2381}.Debug|Any CPU.ActiveCfg = Debug|Any CPU
		{50F3B082-7E7B-4A12-8779-59E4DCDE2381}.Debug|Any CPU.Build.0 = Debug|Any CPU
		{50F3B082-7E7B-4A12-8779-59E4DCDE2381}.Release|Any CPU.ActiveCfg = Release|Any CPU
		{50F3B082-7E7B-4A12-8779-59E4DCDE2381}.Release|Any CPU.Build.0 = Release|Any CPU
		{2B62618F-497C-4AAD-8AAF-B618E3F8E49A}.Debug|Any CPU.ActiveCfg = Debug|Any CPU
		{2B62618F-497C-4AAD-8AAF-B618E3F8E49A}.Debug|Any CPU.Build.0 = Debug|Any CPU
		{2B62618F-497C-4AAD-8AAF-B618E3F8E49A}.Release|Any CPU.ActiveCfg = Release|Any CPU
		{2B62618F-497C-4AAD-8AAF-B618E3F8E49A}.Release|Any CPU.Build.0 = Release|Any CPU
	EndGlobalSection
	GlobalSection(SolutionProperties) = preSolution
		HideSolutionNode = FALSE
	EndGlobalSection
	GlobalSection(NestedProjects) = preSolution
		{DC181A1E-1BAB-46A9-80D8-AA6FEDE90FA7} = {DAE8FF04-D658-4733-B45B-D8F3E54934D2}
		{50F3B082-7E7B-4A12-8779-59E4DCDE2381} = {DAE8FF04-D658-4733-B45B-D8F3E54934D2}
		{2B62618F-497C-4AAD-8AAF-B618E3F8E49A} = {DAE8FF04-D658-4733-B45B-D8F3E54934D2}
	EndGlobalSection
	GlobalSection(ExtensibilityGlobals) = postSolution
		SolutionGuid = {4F2E2E16-AD48-4FB8-BAFE-946FF43EEB96}
	EndGlobalSection
EndGlobal
